
Microsoft Visual Studio Solution File, Format Version 12.00
# Visual Studio Version 17
VisualStudioVersion = 17.7.34221.43
MinimumVisualStudioVersion = 10.0.40219.1
Project("{FAE04EC0-301F-11D3-BF4B-00C04F79EFBC}") = "Rush_2", "Rush_2\Rush_2.csproj", "{63918B6B-3950-4E9B-8B1C-E1C91221503C}"
EndProject
Global
	GlobalSection(SolutionConfigurationPlatforms) = preSolution
		Debug|Any CPU = Debug|Any CPU
		Release|Any CPU = Release|Any CPU
	EndGlobalSection
	GlobalSection(ProjectConfigurationPlatforms) = postSolution
		{63918B6B-3950-4E9B-8B1C-E1C91221503C}.Debug|Any CPU.ActiveCfg = Debug|Any CPU
		{63918B6B-3950-4E9B-8B1C-E1C91221503C}.Debug|Any CPU.Build.0 = Debug|Any CPU
		{63918B6B-3950-4E9B-8B1C-E1C91221503C}.Release|Any CPU.ActiveCfg = Release|Any CPU
		{63918B6B-3950-4E9B-8B1C-E1C91221503C}.Release|Any CPU.Build.0 = Release|Any CPU
	EndGlobalSection
	GlobalSection(SolutionProperties) = preSolution
		HideSolutionNode = FALSE
	EndGlobalSection
	GlobalSection(ExtensibilityGlobals) = postSolution
		SolutionGuid = {24D2F111-DBBB-4CED-A987-72B83ADE12C5}
	EndGlobalSection
EndGlobal
